
Microsoft Visual Studio Solution File, Format Version 12.00
# Visual Studio Version 17
VisualStudioVersion = 17.14.36212.18
MinimumVisualStudioVersion = 10.0.40219.1
Project("{FAE04EC0-301F-11D3-BF4B-00C04F79EFBC}") = "Basics", "C#Practice\Basics.csproj", "{D4304863-4DFF-4AE6-925D-B2CB3421B661}"
EndProject
Project("{FAE04EC0-301F-11D3-BF4B-00C04F79EFBC}") = "Loops", "Loops\Loops.csproj", "{56069A98-1BAE-43E1-9584-19B287455056}"
EndProject
Project("{FAE04EC0-301F-11D3-BF4B-00C04F79EFBC}") = "Arrays", "Arrays\Arrays.csproj", "{470337DB-10B2-4C66-B71A-A5AA8722F8CF}"
EndProject
Global
	GlobalSection(SolutionConfigurationPlatforms) = preSolution
		Debug|Any CPU = Debug|Any CPU
		Release|Any CPU = Release|Any CPU
	EndGlobalSection
	GlobalSection(ProjectConfigurationPlatforms) = postSolution
		{D4304863-4DFF-4AE6-925D-B2CB3421B661}.Debug|Any CPU.ActiveCfg = Debug|Any CPU
		{D4304863-4DFF-4AE6-925D-B2CB3421B661}.Debug|Any CPU.Build.0 = Debug|Any CPU
		{D4304863-4DFF-4AE6-925D-B2CB3421B661}.Release|Any CPU.ActiveCfg = Release|Any CPU
		{D4304863-4DFF-4AE6-925D-B2CB3421B661}.Release|Any CPU.Build.0 = Release|Any CPU
		{56069A98-1BAE-43E1-9584-19B287455056}.Debug|Any CPU.ActiveCfg = Debug|Any CPU
		{56069A98-1BAE-43E1-9584-19B287455056}.Debug|Any CPU.Build.0 = Debug|Any CPU
		{56069A98-1BAE-43E1-9584-19B287455056}.Release|Any CPU.ActiveCfg = Release|Any CPU
		{56069A98-1BAE-43E1-9584-19B287455056}.Release|Any CPU.Build.0 = Release|Any CPU
		{470337DB-10B2-4C66-B71A-A5AA8722F8CF}.Debug|Any CPU.ActiveCfg = Debug|Any CPU
		{470337DB-10B2-4C66-B71A-A5AA8722F8CF}.Debug|Any CPU.Build.0 = Debug|Any CPU
		{470337DB-10B2-4C66-B71A-A5AA8722F8CF}.Release|Any CPU.ActiveCfg = Release|Any CPU
		{470337DB-10B2-4C66-B71A-A5AA8722F8CF}.Release|Any CPU.Build.0 = Release|Any CPU
	EndGlobalSection
	GlobalSection(SolutionProperties) = preSolution
		HideSolutionNode = FALSE
	EndGlobalSection
	GlobalSection(ExtensibilityGlobals) = postSolution
		SolutionGuid = {37A8E805-B06D-435F-9FAB-36157A59A1F6}
	EndGlobalSection
EndGlobal
